
Microsoft Visual Studio Solution File, Format Version 12.00
# Visual Studio Version 16
VisualStudioVersion = 16.0.29418.71
MinimumVisualStudioVersion = 15.0.26124.0
Project("{2150E333-8FDC-42A3-9474-1A3956D46DE8}") = "src", "src", "{33F95C1B-B863-4FB3-88AB-60A570F2C313}"
EndProject
Project("{9A19103F-16F7-4668-BE54-9A1E7A4F7556}") = "RN-Process.WebUi", "src\RN-Process.WebUi\RN-Process.WebUi.csproj", "{702F31C0-42B6-4CCD-B049-CBF4A526D23C}"
EndProject
Project("{2150E333-8FDC-42A3-9474-1A3956D46DE8}") = "test", "test", "{E1B8EB93-B7CA-4464-9BCB-623B89D922F2}"
EndProject
Project("{9A19103F-16F7-4668-BE54-9A1E7A4F7556}") = "RN-Process.Tests", "test\RN-Process.Tests\RN-Process.Tests.csproj", "{83E2732C-23B4-4562-A1F0-F8FB5B867222}"
EndProject
Project("{9A19103F-16F7-4668-BE54-9A1E7A4F7556}") = "RN-Process.DataAccess", "src\RN-Process.DataAcces\RN-Process.DataAccess.csproj", "{223DF98C-C1DB-405B-9D1A-F15B0010F579}"
EndProject
Project("{9A19103F-16F7-4668-BE54-9A1E7A4F7556}") = "RN-Process.Shared", "src\RN-Process.Shared\RN-Process.Shared.csproj", "{DEAD8EB9-F3D2-4D8F-8D64-21E892F1FFF2}"
EndProject
Project("{FAE04EC0-301F-11D3-BF4B-00C04F79EFBC}") = "RN-Process.WebClientApi", "src\RN-Process.WebClientApi\RN-Process.WebClientApi.csproj", "{9985613C-4B96-4918-8D48-C248BCF7AE53}"
EndProject
Project("{9A19103F-16F7-4668-BE54-9A1E7A4F7556}") = "RN-Process.Api", "src\RN-Process.Api\RN-Process.Api.csproj", "{051B9147-67C7-49CC-A2D4-E4276D661752}"
EndProject
Global
	GlobalSection(SolutionConfigurationPlatforms) = preSolution
		Debug|Any CPU = Debug|Any CPU
		Debug|x64 = Debug|x64
		Debug|x86 = Debug|x86
		Release|Any CPU = Release|Any CPU
		Release|x64 = Release|x64
		Release|x86 = Release|x86
	EndGlobalSection
	GlobalSection(ProjectConfigurationPlatforms) = postSolution
		{702F31C0-42B6-4CCD-B049-CBF4A526D23C}.Debug|Any CPU.ActiveCfg = Debug|Any CPU
		{702F31C0-42B6-4CCD-B049-CBF4A526D23C}.Debug|Any CPU.Build.0 = Debug|Any CPU
		{702F31C0-42B6-4CCD-B049-CBF4A526D23C}.Debug|x64.ActiveCfg = Debug|Any CPU
		{702F31C0-42B6-4CCD-B049-CBF4A526D23C}.Debug|x64.Build.0 = Debug|Any CPU
		{702F31C0-42B6-4CCD-B049-CBF4A526D23C}.Debug|x86.ActiveCfg = Debug|Any CPU
		{702F31C0-42B6-4CCD-B049-CBF4A526D23C}.Debug|x86.Build.0 = Debug|Any CPU
		{702F31C0-42B6-4CCD-B049-CBF4A526D23C}.Release|Any CPU.ActiveCfg = Release|Any CPU
		{702F31C0-42B6-4CCD-B049-CBF4A526D23C}.Release|Any CPU.Build.0 = Release|Any CPU
		{702F31C0-42B6-4CCD-B049-CBF4A526D23C}.Release|x64.ActiveCfg = Release|Any CPU
		{702F31C0-42B6-4CCD-B049-CBF4A526D23C}.Release|x64.Build.0 = Release|Any CPU
		{702F31C0-42B6-4CCD-B049-CBF4A526D23C}.Release|x86.ActiveCfg = Release|Any CPU
		{702F31C0-42B6-4CCD-B049-CBF4A526D23C}.Release|x86.Build.0 = Release|Any CPU
		{83E2732C-23B4-4562-A1F0-F8FB5B867222}.Debug|Any CPU.ActiveCfg = Debug|Any CPU
		{83E2732C-23B4-4562-A1F0-F8FB5B867222}.Debug|Any CPU.Build.0 = Debug|Any CPU
		{83E2732C-23B4-4562-A1F0-F8FB5B867222}.Debug|x64.ActiveCfg = Debug|Any CPU
		{83E2732C-23B4-4562-A1F0-F8FB5B867222}.Debug|x64.Build.0 = Debug|Any CPU
		{83E2732C-23B4-4562-A1F0-F8FB5B867222}.Debug|x86.ActiveCfg = Debug|Any CPU
		{83E2732C-23B4-4562-A1F0-F8FB5B867222}.Debug|x86.Build.0 = Debug|Any CPU
		{83E2732C-23B4-4562-A1F0-F8FB5B867222}.Release|Any CPU.ActiveCfg = Release|Any CPU
		{83E2732C-23B4-4562-A1F0-F8FB5B867222}.Release|Any CPU.Build.0 = Release|Any CPU
		{83E2732C-23B4-4562-A1F0-F8FB5B867222}.Release|x64.ActiveCfg = Release|Any CPU
		{83E2732C-23B4-4562-A1F0-F8FB5B867222}.Release|x64.Build.0 = Release|Any CPU
		{83E2732C-23B4-4562-A1F0-F8FB5B867222}.Release|x86.ActiveCfg = Release|Any CPU
		{83E2732C-23B4-4562-A1F0-F8FB5B867222}.Release|x86.Build.0 = Release|Any CPU
		{223DF98C-C1DB-405B-9D1A-F15B0010F579}.Debug|Any CPU.ActiveCfg = Debug|Any CPU
		{223DF98C-C1DB-405B-9D1A-F15B0010F579}.Debug|Any CPU.Build.0 = Debug|Any CPU
		{223DF98C-C1DB-405B-9D1A-F15B0010F579}.Debug|x64.ActiveCfg = Debug|Any CPU
		{223DF98C-C1DB-405B-9D1A-F15B0010F579}.Debug|x64.Build.0 = Debug|Any CPU
		{223DF98C-C1DB-405B-9D1A-F15B0010F579}.Debug|x86.ActiveCfg = Debug|Any CPU
		{223DF98C-C1DB-405B-9D1A-F15B0010F579}.Debug|x86.Build.0 = Debug|Any CPU
		{223DF98C-C1DB-405B-9D1A-F15B0010F579}.Release|Any CPU.ActiveCfg = Release|Any CPU
		{223DF98C-C1DB-405B-9D1A-F15B0010F579}.Release|Any CPU.Build.0 = Release|Any CPU
		{223DF98C-C1DB-405B-9D1A-F15B0010F579}.Release|x64.ActiveCfg = Release|Any CPU
		{223DF98C-C1DB-405B-9D1A-F15B0010F579}.Release|x64.Build.0 = Release|Any CPU
		{223DF98C-C1DB-405B-9D1A-F15B0010F579}.Release|x86.ActiveCfg = Release|Any CPU
		{223DF98C-C1DB-405B-9D1A-F15B0010F579}.Release|x86.Build.0 = Release|Any CPU
		{DEAD8EB9-F3D2-4D8F-8D64-21E892F1FFF2}.Debug|Any CPU.ActiveCfg = Debug|Any CPU
		{DEAD8EB9-F3D2-4D8F-8D64-21E892F1FFF2}.Debug|Any CPU.Build.0 = Debug|Any CPU
		{DEAD8EB9-F3D2-4D8F-8D64-21E892F1FFF2}.Debug|x64.ActiveCfg = Debug|Any CPU
		{DEAD8EB9-F3D2-4D8F-8D64-21E892F1FFF2}.Debug|x64.Build.0 = Debug|Any CPU
		{DEAD8EB9-F3D2-4D8F-8D64-21E892F1FFF2}.Debug|x86.ActiveCfg = Debug|Any CPU
		{DEAD8EB9-F3D2-4D8F-8D64-21E892F1FFF2}.Debug|x86.Build.0 = Debug|Any CPU
		{DEAD8EB9-F3D2-4D8F-8D64-21E892F1FFF2}.Release|Any CPU.ActiveCfg = Release|Any CPU
		{DEAD8EB9-F3D2-4D8F-8D64-21E892F1FFF2}.Release|Any CPU.Build.0 = Release|Any CPU
		{DEAD8EB9-F3D2-4D8F-8D64-21E892F1FFF2}.Release|x64.ActiveCfg = Release|Any CPU
		{DEAD8EB9-F3D2-4D8F-8D64-21E892F1FFF2}.Release|x64.Build.0 = Release|Any CPU
		{DEAD8EB9-F3D2-4D8F-8D64-21E892F1FFF2}.Release|x86.ActiveCfg = Release|Any CPU
		{DEAD8EB9-F3D2-4D8F-8D64-21E892F1FFF2}.Release|x86.Build.0 = Release|Any CPU
		{9985613C-4B96-4918-8D48-C248BCF7AE53}.Debug|Any CPU.ActiveCfg = Debug|Any CPU
		{9985613C-4B96-4918-8D48-C248BCF7AE53}.Debug|Any CPU.Build.0 = Debug|Any CPU
		{9985613C-4B96-4918-8D48-C248BCF7AE53}.Debug|x64.ActiveCfg = Debug|Any CPU
		{9985613C-4B96-4918-8D48-C248BCF7AE53}.Debug|x64.Build.0 = Debug|Any CPU
		{9985613C-4B96-4918-8D48-C248BCF7AE53}.Debug|x86.ActiveCfg = Debug|Any CPU
		{9985613C-4B96-4918-8D48-C248BCF7AE53}.Debug|x86.Build.0 = Debug|Any CPU
		{9985613C-4B96-4918-8D48-C248BCF7AE53}.Release|Any CPU.ActiveCfg = Release|Any CPU
		{9985613C-4B96-4918-8D48-C248BCF7AE53}.Release|Any CPU.Build.0 = Release|Any CPU
		{9985613C-4B96-4918-8D48-C248BCF7AE53}.Release|x64.ActiveCfg = Release|Any CPU
		{9985613C-4B96-4918-8D48-C248BCF7AE53}.Release|x64.Build.0 = Release|Any CPU
		{9985613C-4B96-4918-8D48-C248BCF7AE53}.Release|x86.ActiveCfg = Release|Any CPU
		{9985613C-4B96-4918-8D48-C248BCF7AE53}.Release|x86.Build.0 = Release|Any CPU
		{051B9147-67C7-49CC-A2D4-E4276D661752}.Debug|Any CPU.ActiveCfg = Debug|Any CPU
		{051B9147-67C7-49CC-A2D4-E4276D661752}.Debug|Any CPU.Build.0 = Debug|Any CPU
		{051B9147-67C7-49CC-A2D4-E4276D661752}.Debug|x64.ActiveCfg = Debug|Any CPU
		{051B9147-67C7-49CC-A2D4-E4276D661752}.Debug|x64.Build.0 = Debug|Any CPU
		{051B9147-67C7-49CC-A2D4-E4276D661752}.Debug|x86.ActiveCfg = Debug|Any CPU
		{051B9147-67C7-49CC-A2D4-E4276D661752}.Debug|x86.Build.0 = Debug|Any CPU
		{051B9147-67C7-49CC-A2D4-E4276D661752}.Release|Any CPU.ActiveCfg = Release|Any CPU
		{051B9147-67C7-49CC-A2D4-E4276D661752}.Release|Any CPU.Build.0 = Release|Any CPU
		{051B9147-67C7-49CC-A2D4-E4276D661752}.Release|x64.ActiveCfg = Release|Any CPU
		{051B9147-67C7-49CC-A2D4-E4276D661752}.Release|x64.Build.0 = Release|Any CPU
		{051B9147-67C7-49CC-A2D4-E4276D661752}.Release|x86.ActiveCfg = Release|Any CPU
		{051B9147-67C7-49CC-A2D4-E4276D661752}.Release|x86.Build.0 = Release|Any CPU
	EndGlobalSection
	GlobalSection(SolutionProperties) = preSolution
		HideSolutionNode = FALSE
	EndGlobalSection
	GlobalSection(NestedProjects) = preSolution
		{702F31C0-42B6-4CCD-B049-CBF4A526D23C} = {33F95C1B-B863-4FB3-88AB-60A570F2C313}
		{83E2732C-23B4-4562-A1F0-F8FB5B867222} = {E1B8EB93-B7CA-4464-9BCB-623B89D922F2}
		{223DF98C-C1DB-405B-9D1A-F15B0010F579} = {33F95C1B-B863-4FB3-88AB-60A570F2C313}
		{DEAD8EB9-F3D2-4D8F-8D64-21E892F1FFF2} = {33F95C1B-B863-4FB3-88AB-60A570F2C313}
		{9985613C-4B96-4918-8D48-C248BCF7AE53} = {33F95C1B-B863-4FB3-88AB-60A570F2C313}
		{051B9147-67C7-49CC-A2D4-E4276D661752} = {33F95C1B-B863-4FB3-88AB-60A570F2C313}
	EndGlobalSection
	GlobalSection(ExtensibilityGlobals) = postSolution
		SolutionGuid = {6C0A5B55-BA21-427E-BB14-92E1BDF3EB8B}
	EndGlobalSection
EndGlobal
